<?xml version="1.0" encoding="utf-8"?>
<Project ToolsVersion="4.0" xmlns="http://schemas.microsoft.com/developer/msbuild/2003">
  <ItemGroup>
    <Filter Include="Source Files">
      <UniqueIdentifier>{4FC737F1-C7A5-4376-A066-2A32D752A2FF}</UniqueIdentifier>
      <Extensions>cpp;c;cc;cxx;c++;def;odl;idl;hpj;bat;asm;asmx</Extensions>
    </Filter>
    <Filter Include="Header Files">
      <UniqueIdentifier>{93995380-89BD-4b04-88EB-625FBE52EBFB}</UniqueIdentifier>
      <Extensions>h;hh;hpp;hxx;h++;hm;inl;inc;ipp;xsd</Extensions>
    </Filter>
    <Filter Include="Resource Files">
      <UniqueIdentifier>{67DA6AB6-F800-4c08-8B7A-83BB121AAD01}</UniqueIdentifier>
      <Extensions>rc;ico;cur;bmp;dlg;rc2;rct;bin;rgs;gif;jpg;jpeg;jpe;resx;tiff;tif;png;wav;mfcribbon-ms</Extensions>
    </Filter>
  </ItemGroup>
  <ItemGroup>
    <ClInclude Include="src\River.h">
      <Filter>Header Files</Filter>
    </ClInclude>
    <ClInclude Include="src\River\Game.h">
      <Filter>Header Files</Filter>
    </ClInclude>
    <ClInclude Include="src\River\Error.h">
      <Filter>Header Files</Filter>
    </ClInclude>
    <ClInclude Include="src\River\Graphics\Window.h">
      <Filter>Header Files</Filter>
    </ClInclude>
    <ClInclude Include="src\River\Graphics\ImageRenderer.h">
      <Filter>Header Files</Filter>
    </ClInclude>
    <ClInclude Include="src\River\Graphics\Shader\ShaderProgram.h">
      <Filter>Header Files</Filter>
    </ClInclude>
    <ClInclude Include="src\River\Graphics\Shader\Shader.h">
      <Filter>Header Files</Filter>
    </ClInclude>
    <ClInclude Include="src\River\Layer\Layer.h">
      <Filter>Header Files</Filter>
    </ClInclude>
    <ClInclude Include="src\River\Graphics\VertexArray.h">
      <Filter>Header Files</Filter>
    </ClInclude>
    <ClInclude Include="src\River\Graphics\GL.h">
      <Filter>Header Files</Filter>
    </ClInclude>
    <ClInclude Include="src\River\Vendor\stb_image\stb_image.h">
      <Filter>Header Files</Filter>
    </ClInclude>
    <ClInclude Include="src\River\Graphics\Camera\Camera.h">
      <Filter>Header Files</Filter>
    </ClInclude>
    <ClInclude Include="src\River\Graphics\TextRenderer.h">
      <Filter>Header Files</Filter>
    </ClInclude>
    <ClInclude Include="src\River\Graphics\SpriteAnimation\SpriteAnimationSystem.h">
      <Filter>Header Files</Filter>
    </ClInclude>
    <ClInclude Include="src\River\Graphics\Texture\Sprite.h">
      <Filter>Header Files</Filter>
    </ClInclude>
    <ClInclude Include="src\River\Graphics\Texture\ImageBinder.h">
      <Filter>Header Files</Filter>
    </ClInclude>
    <ClInclude Include="src\River\Graphics\Texture\Image.h">
      <Filter>Header Files</Filter>
    </ClInclude>
    <ClInclude Include="src\River\Graphics\Texture\Texture.h">
      <Filter>Header Files</Filter>
    </ClInclude>
    <ClInclude Include="src\River\Primitives\Color.h">
      <Filter>Header Files</Filter>
    </ClInclude>
    <ClInclude Include="src\River\Primitives\Alignment.h">
      <Filter>Header Files</Filter>
    </ClInclude>
    <ClInclude Include="src\River\Graphics\SpriteRenderingSystem.h">
      <Filter>Header Files</Filter>
    </ClInclude>
    <ClInclude Include="src\River\Graphics\Transform.h">
      <Filter>Header Files</Filter>
    </ClInclude>
    <ClInclude Include="src\River\Primitives\MouseButton.h">
      <Filter>Header Files</Filter>
    </ClInclude>
    <ClInclude Include="src\River\Asset\Asset.h">
      <Filter>Header Files</Filter>
    </ClInclude>
    <ClInclude Include="src\River\Asset\AssetCollection.h">
      <Filter>Header Files</Filter>
    </ClInclude>
    <ClInclude Include="src\River\Graphics\Text\FontInstance.h">
      <Filter>Header Files</Filter>
    </ClInclude>
    <ClInclude Include="src\River\Graphics\Text\Font.h">
      <Filter>Header Files</Filter>
    </ClInclude>
    <ClInclude Include="src\River\Graphics\TextRenderingSystem.h">
      <Filter>Header Files</Filter>
    </ClInclude>
    <ClInclude Include="src\River\Graphics\Text\Text.h">
      <Filter>Header Files</Filter>
    </ClInclude>
    <ClInclude Include="src\River\Graphics\SpriteAnimation\TextureAnimation.h">
      <Filter>Header Files</Filter>
    </ClInclude>
    <ClInclude Include="src\River\Graphics\SpriteAnimation\SpriteAnimation.h">
      <Filter>Header Files</Filter>
    </ClInclude>
    <ClInclude Include="src\River\Asset\AssetCreator.h">
      <Filter>Header Files</Filter>
    </ClInclude>
    <ClInclude Include="src\River\Layer\SimpleLayer.h">
      <Filter>Header Files</Filter>
    </ClInclude>
    <ClInclude Include="src\River\Audio\AudioAsset.h">
      <Filter>Header Files</Filter>
    </ClInclude>
    <ClInclude Include="src\River\Vendor\dr_wav\dr_wav.h">
      <Filter>Header Files</Filter>
    </ClInclude>
    <ClInclude Include="src\River\Audio\AudioListener.h">
      <Filter>Header Files</Filter>
    </ClInclude>
    <ClInclude Include="src\River\Audio\AL.h">
      <Filter>Header Files</Filter>
    </ClInclude>
    <ClInclude Include="src\River\Audio\AudioPlayer.h">
      <Filter>Header Files</Filter>
    </ClInclude>
    <ClInclude Include="src\River\Primitives\Resolution.h">
      <Filter>Header Files</Filter>
    </ClInclude>
    <ClInclude Include="src\River\Graphics\Screen.h">
      <Filter>Header Files</Filter>
    </ClInclude>
    <ClInclude Include="src\River\Graphics\ResolutionEvent.h">
      <Filter>Header Files</Filter>
    </ClInclude>
    <ClInclude Include="src\River\Utility\Listener.h">
      <Filter>Header Files</Filter>
    </ClInclude>
    <ClInclude Include="src\River\Keyboard\KeyEvent.h">
      <Filter>Header Files</Filter>
    </ClInclude>
    <ClInclude Include="src\River\Keyboard\CharacterEvent.h">
      <Filter>Header Files</Filter>
    </ClInclude>
    <ClInclude Include="src\River\Keyboard\Keyboard.h">
      <Filter>Header Files</Filter>
    </ClInclude>
    <ClInclude Include="src\River\Keyboard\KeyboardController.h">
      <Filter>Header Files</Filter>
    </ClInclude>
    <ClInclude Include="src\River\Mouse\MouseButtonEvent.h">
      <Filter>Header Files</Filter>
    </ClInclude>
    <ClInclude Include="src\River\Mouse\MouseMoveEvent.h">
      <Filter>Header Files</Filter>
    </ClInclude>
    <ClInclude Include="src\River\Mouse\MouseScrollEvent.h">
      <Filter>Header Files</Filter>
    </ClInclude>
    <ClInclude Include="src\River\Mouse\Mouse.h">
      <Filter>Header Files</Filter>
    </ClInclude>
    <ClInclude Include="src\River\Utility\Event.h">
      <Filter>Header Files</Filter>
    </ClInclude>
    <ClInclude Include="src\River\Mouse\MouseController.h">
      <Filter>Header Files</Filter>
    </ClInclude>
  </ItemGroup>
  <ItemGroup>
    <ClCompile Include="src\River\Game.cpp">
      <Filter>Source Files</Filter>
    </ClCompile>
    <ClCompile Include="src\River\Graphics\Window.cpp">
      <Filter>Source Files</Filter>
    </ClCompile>
    <ClCompile Include="src\River\Graphics\ImageRenderer.cpp">
      <Filter>Source Files</Filter>
    </ClCompile>
    <ClCompile Include="src\River\Graphics\Shader\ShaderProgram.cpp">
      <Filter>Source Files</Filter>
    </ClCompile>
    <ClCompile Include="src\River\Graphics\Shader\Shader.cpp">
      <Filter>Source Files</Filter>
    </ClCompile>
    <ClCompile Include="src\River\Layer\Layer.cpp">
      <Filter>Source Files</Filter>
    </ClCompile>
    <ClCompile Include="src\River\Graphics\VertexArray.cpp">
      <Filter>Source Files</Filter>
    </ClCompile>
    <ClCompile Include="src\River\Graphics\GL.cpp">
      <Filter>Source Files</Filter>
    </ClCompile>
    <ClCompile Include="src\River\Vendor\stb_image\stb_image.cpp">
      <Filter>Source Files</Filter>
    </ClCompile>
    <ClCompile Include="src\River\Graphics\Camera\Camera.cpp">
      <Filter>Source Files</Filter>
    </ClCompile>
    <ClCompile Include="src\River\Graphics\Texture\ImageBinder.cpp">
      <Filter>Source Files</Filter>
    </ClCompile>
    <ClCompile Include="src\River\Graphics\Texture\Image.cpp">
      <Filter>Source Files</Filter>
    </ClCompile>
    <ClCompile Include="src\River\Graphics\Texture\Texture.cpp">
      <Filter>Source Files</Filter>
    </ClCompile>
    <ClCompile Include="src\River\Graphics\SpriteRenderingSystem.cpp">
      <Filter>Source Files</Filter>
    </ClCompile>
    <ClCompile Include="src\River\Asset\AssetCollection.cpp">
      <Filter>Source Files</Filter>
    </ClCompile>
    <ClCompile Include="src\River\Asset\Asset.cpp">
      <Filter>Source Files</Filter>
    </ClCompile>
    <ClCompile Include="src\River\Graphics\Text\FontInstance.cpp">
      <Filter>Source Files</Filter>
    </ClCompile>
    <ClCompile Include="src\River\Graphics\Text\Font.cpp">
      <Filter>Source Files</Filter>
    </ClCompile>
    <ClCompile Include="src\River\Graphics\TextRenderingSystem.cpp">
      <Filter>Source Files</Filter>
    </ClCompile>
    <ClCompile Include="src\River\Audio\AudioAsset.cpp">
      <Filter>Source Files</Filter>
    </ClCompile>
    <ClCompile Include="src\River\Audio\AudioListener.cpp">
      <Filter>Source Files</Filter>
    </ClCompile>
    <ClCompile Include="src\River\Audio\AL.cpp">
      <Filter>Source Files</Filter>
    </ClCompile>
    <ClCompile Include="src\River\Audio\AudioPlayer.cpp">
      <Filter>Source Files</Filter>
    </ClCompile>
    <ClCompile Include="src\River\Primitives\Resolution.cpp">
      <Filter>Source Files</Filter>
    </ClCompile>
    <ClCompile Include="src\River\Graphics\Screen.cpp">
      <Filter>Source Files</Filter>
    </ClCompile>
    <ClCompile Include="src\River\Keyboard\Key.h">
      <Filter>Source Files</Filter>
    </ClCompile>
    <ClCompile Include="src\River\Keyboard\Keyboard.cpp">
      <Filter>Source Files</Filter>
    </ClCompile>
    <ClCompile Include="src\River\Keyboard\KeyboardController.cpp">
      <Filter>Source Files</Filter>
    </ClCompile>
    <ClCompile Include="src\River\Mouse\Mouse.cpp">
      <Filter>Source Files</Filter>
    </ClCompile>
    <ClCompile Include="src\River\Mouse\MouseController.cpp">
      <Filter>Source Files</Filter>
    </ClCompile>
  </ItemGroup>
</Project>