<?xml version="1.0" encoding="utf-8"?>
<Project ToolsVersion="4.0" xmlns="http://schemas.microsoft.com/developer/msbuild/2003">
  <ItemGroup>
    <ClCompile Include="src\River\External\imgui\imgui.cpp" />
    <ClCompile Include="src\River\External\imgui\imgui_demo.cpp" />
    <ClCompile Include="src\River\External\imgui\imgui_draw.cpp" />
    <ClCompile Include="src\River\External\imgui\imgui_impl_glfw.cpp" />
    <ClCompile Include="src\River\External\imgui\imgui_impl_opengl3.cpp" />
    <ClCompile Include="src\River\External\imgui\imgui_tables.cpp" />
    <ClCompile Include="src\River\External\imgui\imgui_widgets.cpp" />
    <ClCompile Include="src\River\Graphics\Buffer.cpp" />
    <ClCompile Include="src\River\Graphics\FrameBuffer.cpp" />
    <ClCompile Include="src\River\Graphics\GLTextureRenderer.cpp" />
    <ClCompile Include="src\River\Graphics\SimpleVertexArray.cpp" />
    <ClCompile Include="src\River\Graphics\SpriteAnimation\TextureAnimation.cpp" />
    <ClCompile Include="src\River\Graphics\SpriteAnimation\TextureAnimationCollection.cpp" />
    <ClCompile Include="src\River\Graphics\Viewport.cpp" />
    <ClCompile Include="src\River\Mouse\MouseController.cpp" />
    <ClCompile Include="src\River\Mouse\Mouse.cpp" />
    <ClCompile Include="src\River\Keyboard\Keyboard.cpp" />
    <ClCompile Include="src\River\Keyboard\KeyboardController.cpp" />
    <ClCompile Include="src\River\Graphics\Screen.cpp" />
    <ClCompile Include="src\River\Audio\AL.cpp" />
    <ClCompile Include="src\River\Audio\AudioListener.cpp" />
    <ClCompile Include="src\River\Audio\AudioPlayer.cpp" />
    <ClCompile Include="src\River\Audio\AudioAsset.cpp" />
    <ClCompile Include="src\River\Asset\Asset.cpp" />
    <ClCompile Include="src\River\Asset\AssetCollection.cpp" />
    <ClCompile Include="src\River\Graphics\SpriteRenderingSystem.cpp" />
    <ClCompile Include="src\River\Graphics\Text\Font.cpp" />
    <ClCompile Include="src\River\Graphics\Text\FontInstance.cpp" />
    <ClCompile Include="src\River\Graphics\Texture\Texture.cpp" />
    <ClCompile Include="src\River\Graphics\Texture\Image.cpp" />
    <ClCompile Include="src\River\Graphics\Camera\Camera.cpp" />
    <ClCompile Include="src\River\Graphics\GL.cpp" />
    <ClCompile Include="src\River\Graphics\Texture\ImageBinder.cpp" />
    <ClCompile Include="src\River\Layer\Layer.cpp" />
    <ClCompile Include="src\River\pch.cpp" />
    <ClCompile Include="src\River\Primitives\Resolution.cpp" />
    <ClCompile Include="src\River\External\stb_image\stb_image.cpp" />
    <ClCompile Include="src\River\Graphics\Shader\ShaderProgram.cpp" />
    <ClCompile Include="src\River\Graphics\Shader\Shader.cpp" />
    <ClCompile Include="src\River\Graphics\Window.cpp" />
    <ClCompile Include="src\River\Game.cpp" />
    <ClCompile Include="src\River\Graphics\ImageRenderer.cpp" />
    <ClCompile Include="src\River\Graphics\TextRenderingSystem.cpp" />
    <ClCompile Include="src\River\Graphics\VertexArray.cpp" />
    <ClCompile Include="src\River\Graphics\MainViewport.cpp" />
  </ItemGroup>
  <ItemGroup>
    <ClInclude Include="src\River\External\imgui\imconfig.h" />
    <ClInclude Include="src\River\External\imgui\imgui.h" />
    <ClInclude Include="src\River\External\imgui\imgui_impl_glfw.h" />
    <ClInclude Include="src\River\External\imgui\imgui_impl_opengl3.h" />
    <ClInclude Include="src\River\External\imgui\imgui_internal.h" />
    <ClInclude Include="src\River\External\imgui\imstb_rectpack.h" />
    <ClInclude Include="src\River\External\imgui\imstb_textedit.h" />
    <ClInclude Include="src\River\External\imgui\imstb_truetype.h" />
    <ClInclude Include="src\River\Graphics\BufferUsageHint.h" />
    <ClInclude Include="src\River\Graphics\FrameBuffer.h" />
    <ClInclude Include="src\River\Graphics\GLTextureRenderer.h" />
    <ClInclude Include="src\River\Graphics\SpriteAnimation\TextureAnimationCollection.h" />
    <ClInclude Include="src\River\Graphics\Viewport.h" />
    <ClInclude Include="src\River\Utility\MixedArray.h" />
    <ClInclude Include="src\River\Graphics\Buffer.h" />
    <ClInclude Include="src\River\Graphics\IndexBuffer.h" />
    <ClInclude Include="src\River\Graphics\SimpleVertexArray.h" />
    <ClInclude Include="src\River\Graphics\Shader\FragmentShader.h" />
    <ClInclude Include="src\River\Graphics\Shader\VertexShader.h" />
    <ClInclude Include="src\River\Graphics\VertexAttribute.h" />
    <ClInclude Include="src\River\Graphics\VertexIndexType.h" />
    <ClInclude Include="src\River\Mouse\MouseController.h" />
    <ClInclude Include="src\River\Mouse\Mouse.h" />
    <ClInclude Include="src\River\Keyboard\KeyboardController.h" />
    <ClInclude Include="src\River\Keyboard\CharacterEvent.h" />
    <ClInclude Include="src\River\Keyboard\Keyboard.h" />
    <ClInclude Include="src\River\Graphics\ResolutionEvent.h" />
    <ClInclude Include="src\River\Graphics\Screen.h" />
    <ClInclude Include="src\River\Audio\AL.h" />
    <ClInclude Include="src\River\Audio\AudioListener.h" />
    <ClInclude Include="src\River\Audio\AudioPlayer.h" />
    <ClInclude Include="src\River\Audio\AudioAsset.h" />
    <ClInclude Include="src\River\Layer\SimpleLayer.h" />
    <ClInclude Include="src\River\Asset\AssetCreator.h" />
    <ClInclude Include="src\River\Asset\AssetCollection.h" />
    <ClInclude Include="src\River\Asset\Asset.h" />
    <ClInclude Include="src\River\Graphics\Text\Text.h" />
    <ClInclude Include="src\River\Mouse\MouseButtonEvent.h" />
    <ClInclude Include="src\River\Mouse\MouseMoveEvent.h" />
    <ClInclude Include="src\River\Mouse\MouseScrollEvent.h" />
    <ClInclude Include="src\River\pch.h" />
    <ClInclude Include="src\River\Primitives\KeyboardKey.h" />
    <ClInclude Include="src\River\Primitives\MouseButton.h" />
    <ClInclude Include="src\River\Graphics\SpriteRenderingSystem.h" />
    <ClInclude Include="src\River\Graphics\SpriteAnimation\SpriteAnimationSystem.h" />
    <ClInclude Include="src\River\Graphics\SpriteAnimation\SpriteAnimation.h" />
    <ClInclude Include="src\River\Graphics\SpriteAnimation\TextureAnimation.h" />
    <ClInclude Include="src\River\Graphics\Transform.h" />
    <ClInclude Include="src\River\Primitives\Color.h" />
    <ClInclude Include="src\River\Primitives\Alignment.h" />
    <ClInclude Include="src\River\Graphics\Texture\Sprite.h" />
    <ClInclude Include="src\River\Graphics\Text\Font.h" />
    <ClInclude Include="src\River\Graphics\Text\FontInstance.h" />
    <ClInclude Include="src\River\Graphics\Texture\Texture.h" />
    <ClInclude Include="src\River\Graphics\Texture\Image.h" />
    <ClInclude Include="src\River\Keyboard\KeyEvent.h" />
    <ClInclude Include="src\River\Utility\Event.h" />
    <ClInclude Include="src\River\Graphics\Camera\Camera.h" />
    <ClInclude Include="src\River\Graphics\Texture\ImageBinder.h" />
    <ClInclude Include="src\River\Layer\Layer.h" />
    <ClInclude Include="src\River\Primitives\Resolution.h" />
    <ClInclude Include="src\River\Utility\Listener.h" />
    <ClInclude Include="src\River\External\dr_wav\dr_wav.h" />
    <ClInclude Include="src\River\External\stb_image\stb_image.h" />
    <ClInclude Include="src\River\Graphics\Shader\ShaderProgram.h" />
    <ClInclude Include="src\River\Graphics\GL.h" />
    <ClInclude Include="src\River\Graphics\Shader\Shader.h" />
    <ClInclude Include="src\River\Graphics\Window.h" />
    <ClInclude Include="src\River\Game.h" />
    <ClInclude Include="src\River.h" />
    <ClInclude Include="src\River\Error.h" />
    <ClInclude Include="src\River\Graphics\ImageRenderer.h" />
    <ClInclude Include="src\River\Graphics\VertexArray_Old.h" />
    <ClInclude Include="src\River\Graphics\TextRenderer.h" />
    <ClInclude Include="src\River\Graphics\TextRenderingSystem.h" />
    <ClInclude Include="src\River\Graphics\VertexBuffer.h" />
    <ClInclude Include="src\River\Graphics\VertexArray.h" />
    <ClInclude Include="src\River\Utility\String.h" />
    <ClInclude Include="src\River\Graphics\MainViewport.h" />
    <ClInclude Include="src\River\EmbeddedResources\Fonts\MyriadProRegular.h" />
  </ItemGroup>
</Project>